{
  "pins" : [
    {
      "identity" : "ggml",
      "kind" : "remoteSourceControl",
      "location" : "https://github.com/ggerganov/ggml.git",
      "state" : {
        "branch" : "release",
        "revision" : "c2875439e67a2b83da37f71b91b9499be3f045b3"
      }
    },
    {
      "identity" : "llama.cpp",
      "kind" : "remoteSourceControl",
      "location" : "https://github.com/ggerganov/llama.cpp",
      "state" : {
        "branch" : "b1892",
        "revision" : "cec8a4847062fbd76253e3b085683f39d91e80d3"
      }
    }
  ],
  "version" : 2
}
